
Microsoft Visual Studio Solution File, Format Version 12.00
# Visual Studio Version 17
VisualStudioVersion = 17.3.32825.248
MinimumVisualStudioVersion = 10.0.40219.1
Project("{9A19103F-16F7-4668-BE54-9A1E7A4F7556}") = "z1", "Exercise 12 (Day 13)\z1.csproj", "{CE510CCF-1F85-4A3F-9E1E-DD2E6F6A9766}"
EndProject
Project("{9A19103F-16F7-4668-BE54-9A1E7A4F7556}") = "z2", "z2\z2.csproj", "{38DC211E-6CC2-4A93-AEFC-DEA76AA8FA46}"
EndProject
Project("{9A19103F-16F7-4668-BE54-9A1E7A4F7556}") = "z3", "z3\z3.csproj", "{49FFAECB-4F4A-49E8-90B4-1CA8208207EA}"
EndProject
Project("{FAE04EC0-301F-11D3-BF4B-00C04F79EFBC}") = "z4", "z4\z4.csproj", "{C1BB0923-F3C7-4A43-84A8-0579B179102E}"
EndProject
Global
	GlobalSection(SolutionConfigurationPlatforms) = preSolution
		Debug|Any CPU = Debug|Any CPU
		Release|Any CPU = Release|Any CPU
	EndGlobalSection
	GlobalSection(ProjectConfigurationPlatforms) = postSolution
		{CE510CCF-1F85-4A3F-9E1E-DD2E6F6A9766}.Debug|Any CPU.ActiveCfg = Debug|Any CPU
		{CE510CCF-1F85-4A3F-9E1E-DD2E6F6A9766}.Debug|Any CPU.Build.0 = Debug|Any CPU
		{CE510CCF-1F85-4A3F-9E1E-DD2E6F6A9766}.Release|Any CPU.ActiveCfg = Release|Any CPU
		{CE510CCF-1F85-4A3F-9E1E-DD2E6F6A9766}.Release|Any CPU.Build.0 = Release|Any CPU
		{38DC211E-6CC2-4A93-AEFC-DEA76AA8FA46}.Debug|Any CPU.ActiveCfg = Debug|Any CPU
		{38DC211E-6CC2-4A93-AEFC-DEA76AA8FA46}.Debug|Any CPU.Build.0 = Debug|Any CPU
		{38DC211E-6CC2-4A93-AEFC-DEA76AA8FA46}.Release|Any CPU.ActiveCfg = Release|Any CPU
		{38DC211E-6CC2-4A93-AEFC-DEA76AA8FA46}.Release|Any CPU.Build.0 = Release|Any CPU
		{49FFAECB-4F4A-49E8-90B4-1CA8208207EA}.Debug|Any CPU.ActiveCfg = Debug|Any CPU
		{49FFAECB-4F4A-49E8-90B4-1CA8208207EA}.Debug|Any CPU.Build.0 = Debug|Any CPU
		{49FFAECB-4F4A-49E8-90B4-1CA8208207EA}.Release|Any CPU.ActiveCfg = Release|Any CPU
		{49FFAECB-4F4A-49E8-90B4-1CA8208207EA}.Release|Any CPU.Build.0 = Release|Any CPU
		{C1BB0923-F3C7-4A43-84A8-0579B179102E}.Debug|Any CPU.ActiveCfg = Debug|Any CPU
		{C1BB0923-F3C7-4A43-84A8-0579B179102E}.Debug|Any CPU.Build.0 = Debug|Any CPU
		{C1BB0923-F3C7-4A43-84A8-0579B179102E}.Release|Any CPU.ActiveCfg = Release|Any CPU
		{C1BB0923-F3C7-4A43-84A8-0579B179102E}.Release|Any CPU.Build.0 = Release|Any CPU
	EndGlobalSection
	GlobalSection(SolutionProperties) = preSolution
		HideSolutionNode = FALSE
	EndGlobalSection
	GlobalSection(ExtensibilityGlobals) = postSolution
		SolutionGuid = {BE2641F8-4BAF-4C5C-8B96-9C6980CC2B97}
	EndGlobalSection
EndGlobal
